// !$*UTF8*$!
{
	archiveVersion = 1;
	classes = {
	};
	objectVersion = 55;
	objects = {

/* Begin PBXBuildFile section */
		2E498AB7270F3461006E2BDA /* AppDelegate.swift in Sources */ = {isa = PBXBuildFile; fileRef = 2E498AB6270F3461006E2BDA /* AppDelegate.swift */; };
		2E498AB9270F3461006E2BDA /* SceneDelegate.swift in Sources */ = {isa = PBXBuildFile; fileRef = 2E498AB8270F3461006E2BDA /* SceneDelegate.swift */; };
		2E498ABB270F3461006E2BDA /* ViewController.swift in Sources */ = {isa = PBXBuildFile; fileRef = 2E498ABA270F3461006E2BDA /* ViewController.swift */; };
		2E498ABE270F3461006E2BDA /* Main.storyboard in Resources */ = {isa = PBXBuildFile; fileRef = 2E498ABC270F3461006E2BDA /* Main.storyboard */; };
		2E498AC0270F3464006E2BDA /* Assets.xcassets in Resources */ = {isa = PBXBuildFile; fileRef = 2E498ABF270F3464006E2BDA /* Assets.xcassets */; };
		2E498AC3270F3464006E2BDA /* LaunchScreen.storyboard in Resources */ = {isa = PBXBuildFile; fileRef = 2E498AC1270F3464006E2BDA /* LaunchScreen.storyboard */; };
		2E498ACF270F3488006E2BDA /* UIViewEffectViewiOS14.swift in Sources */ = {isa = PBXBuildFile; fileRef = 2E498ACC270F3488006E2BDA /* UIViewEffectViewiOS14.swift */; };
		2E498AD0270F3488006E2BDA /* VisualEffectView.swift in Sources */ = {isa = PBXBuildFile; fileRef = 2E498ACD270F3488006E2BDA /* VisualEffectView.swift */; };
/* End PBXBuildFile section */

/* Begin PBXFileReference section */
		2E498AB3270F3461006E2BDA /* blur.app */ = {isa = PBXFileReference; explicitFileType = wrapper.application; includeInIndex = 0; path = blur.app; sourceTree = BUILT_PRODUCTS_DIR; };
		2E498AB6270F3461006E2BDA /* AppDelegate.swift */ = {isa = PBXFileReference; lastKnownFileType = sourcecode.swift; path = AppDelegate.swift; sourceTree = "<group>"; };
		2E498AB8270F3461006E2BDA /* SceneDelegate.swift */ = {isa = PBXFileReference; lastKnownFileType = sourcecode.swift; path = SceneDelegate.swift; sourceTree = "<group>"; };
		2E498ABA270F3461006E2BDA /* ViewController.swift */ = {isa = PBXFileReference; lastKnownFileType = sourcecode.swift; path = ViewController.swift; sourceTree = "<group>"; };
		2E498ABD270F3461006E2BDA /* Base */ = {isa = PBXFileReference; lastKnownFileType = file.storyboard; name = Base; path = Base.lproj/Main.storyboard; sourceTree = "<group>"; };
		2E498ABF270F3464006E2BDA /* Assets.xcassets */ = {isa = PBXFileReference; lastKnownFileType = folder.assetcatalog; path = Assets.xcassets; sourceTree = "<group>"; };
		2E498AC2270F3464006E2BDA /* Base */ = {isa = PBXFileReference; lastKnownFileType = file.storyboard; name = Base; path = Base.lproj/LaunchScreen.storyboard; sourceTree = "<group>"; };
		2E498AC4270F3464006E2BDA /* Info.plist */ = {isa = PBXFileReference; lastKnownFileType = text.plist.xml; path = Info.plist; sourceTree = "<group>"; };
		2E498ACC270F3488006E2BDA /* UIViewEffectViewiOS14.swift */ = {isa = PBXFileReference; fileEncoding = 4; lastKnownFileType = sourcecode.swift; path = UIViewEffectViewiOS14.swift; sourceTree = "<group>"; };
		2E498ACD270F3488006E2BDA /* VisualEffectView.swift */ = {isa = PBXFileReference; fileEncoding = 4; lastKnownFileType = sourcecode.swift; path = VisualEffectView.swift; sourceTree = "<group>"; };
/* End PBXFileReference section */

/* Begin PBXFrameworksBuildPhase section */
		2E498AB0270F3461006E2BDA /* Frameworks */ = {
			isa = PBXFrameworksBuildPhase;
			buildActionMask = 2147483647;
			files = (
			);
			runOnlyForDeploymentPostprocessing = 0;
		};
/* End PBXFrameworksBuildPhase section */

/* Begin PBXGroup section */
		2E498AAA270F3461006E2BDA = {
			isa = PBXGroup;
			children = (
				2E498AB5270F3461006E2BDA /* blur */,
				2E498AB4270F3461006E2BDA /* Products */,
			);
			sourceTree = "<group>";
		};
		2E498AB4270F3461006E2BDA /* Products */ = {
			isa = PBXGroup;
			children = (
				2E498AB3270F3461006E2BDA /* blur.app */,
			);
			name = Products;
			sourceTree = "<group>";
		};
		2E498AB5270F3461006E2BDA /* blur */ = {
			isa = PBXGroup;
			children = (
				2E498ACA270F3488006E2BDA /* Sources */,
				2E498AB6270F3461006E2BDA /* AppDelegate.swift */,
				2E498AB8270F3461006E2BDA /* SceneDelegate.swift */,
				2E498ABA270F3461006E2BDA /* ViewController.swift */,
				2E498ABC270F3461006E2BDA /* Main.storyboard */,
				2E498ABF270F3464006E2BDA /* Assets.xcassets */,
				2E498AC1270F3464006E2BDA /* LaunchScreen.storyboard */,
				2E498AC4270F3464006E2BDA /* Info.plist */,
			);
			path = blur;
			sourceTree = "<group>";
		};
		2E498ACA270F3488006E2BDA /* Sources */ = {
			isa = PBXGroup;
			children = (
				2E498ACC270F3488006E2BDA /* UIViewEffectViewiOS14.swift */,
				2E498ACD270F3488006E2BDA /* VisualEffectView.swift */,
			);
			path = Sources;
			sourceTree = "<group>";
		};
/* End PBXGroup section */

/* Begin PBXNativeTarget section */
		2E498AB2270F3461006E2BDA /* blur */ = {
			isa = PBXNativeTarget;
			buildConfigurationList = 2E498AC7270F3464006E2BDA /* Build configuration list for PBXNativeTarget "blur" */;
			buildPhases = (
				2E498AAF270F3461006E2BDA /* Sources */,
				2E498AB0270F3461006E2BDA /* Frameworks */,
				2E498AB1270F3461006E2BDA /* Resources */,
			);
			buildRules = (
			);
			dependencies = (
			);
			name = blur;
			productName = blur;
			productReference = 2E498AB3270F3461006E2BDA /* blur.app */;
			productType = "com.apple.product-type.application";
		};
/* End PBXNativeTarget section */

/* Begin PBXProject section */
		2E498AAB270F3461006E2BDA /* Project object */ = {
			isa = PBXProject;
			attributes = {
				BuildIndependentTargetsInParallel = 1;
				LastSwiftUpdateCheck = 1300;
				LastUpgradeCheck = 1300;
				TargetAttributes = {
					2E498AB2270F3461006E2BDA = {
						CreatedOnToolsVersion = 13.0;
					};
				};
			};
			buildConfigurationList = 2E498AAE270F3461006E2BDA /* Build configuration list for PBXProject "blur" */;
			compatibilityVersion = "Xcode 13.0";
			developmentRegion = en;
			hasScannedForEncodings = 0;
			knownRegions = (
				en,
				Base,
			);
			mainGroup = 2E498AAA270F3461006E2BDA;
			productRefGroup = 2E498AB4270F3461006E2BDA /* Products */;
			projectDirPath = "";
			projectRoot = "";
			targets = (
				2E498AB2270F3461006E2BDA /* blur */,
			);
		};
/* End PBXProject section */

/* Begin PBXResourcesBuildPhase section */
		2E498AB1270F3461006E2BDA /* Resources */ = {
			isa = PBXResourcesBuildPhase;
			buildActionMask = 2147483647;
			files = (
				2E498AC3270F3464006E2BDA /* LaunchScreen.storyboard in Resources */,
				2E498AC0270F3464006E2BDA /* Assets.xcassets in Resources */,
				2E498ABE270F3461006E2BDA /* Main.storyboard in Resources */,
			);
			runOnlyForDeploymentPostprocessing = 0;
		};
/* End PBXResourcesBuildPhase section */

/* Begin PBXSourcesBuildPhase section */
		2E498AAF270F3461006E2BDA /* Sources */ = {
			isa = PBXSourcesBuildPhase;
			buildActionMask = 2147483647;
			files = (
				2E498AD0270F3488006E2BDA /* VisualEffectView.swift in Sources */,
				2E498ABB270F3461006E2BDA /* ViewController.swift in Sources */,
				2E498AB7270F3461006E2BDA /* AppDelegate.swift in Sources */,
				2E498AB9270F3461006E2BDA /* SceneDelegate.swift in Sources */,
				2E498ACF270F3488006E2BDA /* UIViewEffectViewiOS14.swift in Sources */,
			);
			runOnlyForDeploymentPostprocessing = 0;
		};
/* End PBXSourcesBuildPhase section */

/* Begin PBXVariantGroup section */
		2E498ABC270F3461006E2BDA /* Main.storyboard */ = {
			isa = PBXVariantGroup;
			children = (
				2E498ABD270F3461006E2BDA /* Base */,
			);
			name = Main.storyboard;
			sourceTree = "<group>";
		};
		2E498AC1270F3464006E2BDA /* LaunchScreen.storyboard */ = {
			isa = PBXVariantGroup;
			children = (
				2E498AC2270F3464006E2BDA /* Base */,
			);
			name = LaunchScreen.storyboard;
			sourceTree = "<group>";
		};
/* End PBXVariantGroup section */

/* Begin XCBuildConfiguration section */
		2E498AC5270F3464006E2BDA /* Debug */ = {
			isa = XCBuildConfiguration;
			buildSettings = {
				ALWAYS_SEARCH_USER_PATHS = NO;
				CLANG_ANALYZER_NONNULL = YES;
				CLANG_ANALYZER_NUMBER_OBJECT_CONVERSION = YES_AGGRESSIVE;
				CLANG_CXX_LANGUAGE_STANDARD = "gnu++17";
				CLANG_CXX_LIBRARY = "libc++";
				CLANG_ENABLE_MODULES = YES;
				CLANG_ENABLE_OBJC_ARC = YES;
				CLANG_ENABLE_OBJC_WEAK = YES;
				CLANG_WARN_BLOCK_CAPTURE_AUTORELEASING = YES;
				CLANG_WARN_BOOL_CONVERSION = YES;
				CLANG_WARN_COMMA = YES;
				CLANG_WARN_CONSTANT_CONVERSION = YES;
				CLANG_WARN_DEPRECATED_OBJC_IMPLEMENTATIONS = YES;
				CLANG_WARN_DIRECT_OBJC_ISA_USAGE = YES_ERROR;
				CLANG_WARN_DOCUMENTATION_COMMENTS = YES;
				CLANG_WARN_EMPTY_BODY = YES;
				CLANG_WARN_ENUM_CONVERSION = YES;
				CLANG_WARN_INFINITE_RECURSION = YES;
				CLANG_WARN_INT_CONVERSION = YES;
				CLANG_WARN_NON_LITERAL_NULL_CONVERSION = YES;
				CLANG_WARN_OBJC_IMPLICIT_RETAIN_SELF = YES;
				CLANG_WARN_OBJC_LITERAL_CONVERSION = YES;
				CLANG_WARN_OBJC_ROOT_CLASS = YES_ERROR;
				CLANG_WARN_QUOTED_INCLUDE_IN_FRAMEWORK_HEADER = YES;
				CLANG_WARN_RANGE_LOOP_ANALYSIS = YES;
				CLANG_WARN_STRICT_PROTOTYPES = YES;
				CLANG_WARN_SUSPICIOUS_MOVE = YES;
				CLANG_WARN_UNGUARDED_AVAILABILITY = YES_AGGRESSIVE;
				CLANG_WARN_UNREACHABLE_CODE = YES;
				CLANG_WARN__DUPLICATE_METHOD_MATCH = YES;
				COPY_PHASE_STRIP = NO;
				DEBUG_INFORMATION_FORMAT = dwarf;
				ENABLE_STRICT_OBJC_MSGSEND = YES;
				ENABLE_TESTABILITY = YES;
				GCC_C_LANGUAGE_STANDARD = gnu11;
				GCC_DYNAMIC_NO_PIC = NO;
				GCC_NO_COMMON_BLOCKS = YES;
				GCC_OPTIMIZATION_LEVEL = 0;
				GCC_PREPROCESSOR_DEFINITIONS = (
					"DEBUG=1",
					"$(inherited)",
				);
				GCC_WARN_64_TO_32_BIT_CONVERSION = YES;
				GCC_WARN_ABOUT_RETURN_TYPE = YES_ERROR;
				GCC_WARN_UNDECLARED_SELECTOR = YES;
				GCC_WARN_UNINITIALIZED_AUTOS = YES_AGGRESSIVE;
				GCC_WARN_UNUSED_FUNCTION = YES;
				GCC_WARN_UNUSED_VARIABLE = YES;
				IPHONEOS_DEPLOYMENT_TARGET = 15.0;
				MTL_ENABLE_DEBUG_INFO = INCLUDE_SOURCE;
				MTL_FAST_MATH = YES;
				ONLY_ACTIVE_ARCH = YES;
				SDKROOT = iphoneos;
				SWIFT_ACTIVE_COMPILATION_CONDITIONS = DEBUG;
				SWIFT_OPTIMIZATION_LEVEL = "-Onone";
			};
			name = Debug;
		};
		2E498AC6270F3464006E2BDA /* Release */ = {
			isa = XCBuildConfiguration;
			buildSettings = {
				ALWAYS_SEARCH_USER_PATHS = NO;
				CLANG_ANALYZER_NONNULL = YES;
				CLANG_ANALYZER_NUMBER_OBJECT_CONVERSION = YES_AGGRESSIVE;
				CLANG_CXX_LANGUAGE_STANDARD = "gnu++17";
				CLANG_CXX_LIBRARY = "libc++";
				CLANG_ENABLE_MODULES = YES;
				CLANG_ENABLE_OBJC_ARC = YES;
				CLANG_ENABLE_OBJC_WEAK = YES;
				CLANG_WARN_BLOCK_CAPTURE_AUTORELEASING = YES;
				CLANG_WARN_BOOL_CONVERSION = YES;
				CLANG_WARN_COMMA = YES;
				CLANG_WARN_CONSTANT_CONVERSION = YES;
				CLANG_WARN_DEPRECATED_OBJC_IMPLEMENTATIONS = YES;
				CLANG_WARN_DIRECT_OBJC_ISA_USAGE = YES_ERROR;
				CLANG_WARN_DOCUMENTATION_COMMENTS = YES;
				CLANG_WARN_EMPTY_BODY = YES;
				CLANG_WARN_ENUM_CONVERSION = YES;
				CLANG_WARN_INFINITE_RECURSION = YES;
				CLANG_WARN_INT_CONVERSION = YES;
				CLANG_WARN_NON_LITERAL_NULL_CONVERSION = YES;
				CLANG_WARN_OBJC_IMPLICIT_RETAIN_SELF = YES;
				CLANG_WARN_OBJC_LITERAL_CONVERSION = YES;
				CLANG_WARN_OBJC_ROOT_CLASS = YES_ERROR;
				CLANG_WARN_QUOTED_INCLUDE_IN_FRAMEWORK_HEADER = YES;
				CLANG_WARN_RANGE_LOOP_ANALYSIS = YES;
				CLANG_WARN_STRICT_PROTOTYPES = YES;
				CLANG_WARN_SUSPICIOUS_MOVE = YES;
				CLANG_WARN_UNGUARDED_AVAILABILITY = YES_AGGRESSIVE;
				CLANG_WARN_UNREACHABLE_CODE = YES;
				CLANG_WARN__DUPLICATE_METHOD_MATCH = YES;
				COPY_PHASE_STRIP = NO;
				DEBUG_INFORMATION_FORMAT = "dwarf-with-dsym";
				ENABLE_NS_ASSERTIONS = NO;
				ENABLE_STRICT_OBJC_MSGSEND = YES;
				GCC_C_LANGUAGE_STANDARD = gnu11;
				GCC_NO_COMMON_BLOCKS = YES;
				GCC_WARN_64_TO_32_BIT_CONVERSION = YES;
				GCC_WARN_ABOUT_RETURN_TYPE = YES_ERROR;
				GCC_WARN_UNDECLARED_SELECTOR = YES;
				GCC_WARN_UNINITIALIZED_AUTOS = YES_AGGRESSIVE;
				GCC_WARN_UNUSED_FUNCTION = YES;
				GCC_WARN_UNUSED_VARIABLE = YES;
				IPHONEOS_DEPLOYMENT_TARGET = 15.0;
				MTL_ENABLE_DEBUG_INFO = NO;
				MTL_FAST_MATH = YES;
				SDKROOT = iphoneos;
				SWIFT_COMPILATION_MODE = wholemodule;
				SWIFT_OPTIMIZATION_LEVEL = "-O";
				VALIDATE_PRODUCT = YES;
			};
			name = Release;
		};
		2E498AC8270F3464006E2BDA /* Debug */ = {
			isa = XCBuildConfiguration;
			buildSettings = {
				ASSETCATALOG_COMPILER_APPICON_NAME = AppIcon;
				ASSETCATALOG_COMPILER_GLOBAL_ACCENT_COLOR_NAME = AccentColor;
				CODE_SIGN_STYLE = Automatic;
				CURRENT_PROJECT_VERSION = 1;
				DEVELOPMENT_TEAM = UV36497CVB;
				GENERATE_INFOPLIST_FILE = YES;
				INFOPLIST_FILE = blur/Info.plist;
				INFOPLIST_KEY_UIApplicationSupportsIndirectInputEvents = YES;
				INFOPLIST_KEY_UILaunchStoryboardName = LaunchScreen;
				INFOPLIST_KEY_UIMainStoryboardFile = Main;
				INFOPLIST_KEY_UISupportedInterfaceOrientations_iPad = "UIInterfaceOrientationPortrait UIInterfaceOrientationPortraitUpsideDown UIInterfaceOrientationLandscapeLeft UIInterfaceOrientationLandscapeRight";
				INFOPLIST_KEY_UISupportedInterfaceOrientations_iPhone = "UIInterfaceOrientationPortrait UIInterfaceOrientationLandscapeLeft UIInterfaceOrientationLandscapeRight";
				LD_RUNPATH_SEARCH_PATHS = (
					"$(inherited)",
					"@executable_path/Frameworks",
				);
				MARKETING_VERSION = 1.0;
				PRODUCT_BUNDLE_IDENTIFIER = com.epiens.blur;
				PRODUCT_NAME = "$(TARGET_NAME)";
				SWIFT_EMIT_LOC_STRINGS = YES;
				SWIFT_VERSION = 5.0;
				TARGETED_DEVICE_FAMILY = "1,2";
			};
			name = Debug;
		};
		2E498AC9270F3464006E2BDA /* Release */ = {
			isa = XCBuildConfiguration;
			buildSettings = {
				ASSETCATALOG_COMPILER_APPICON_NAME = AppIcon;
				ASSETCATALOG_COMPILER_GLOBAL_ACCENT_COLOR_NAME = AccentColor;
				CODE_SIGN_STYLE = Automatic;
				CURRENT_PROJECT_VERSION = 1;
				DEVELOPMENT_TEAM = UV36497CVB;
				GENERATE_INFOPLIST_FILE = YES;
				INFOPLIST_FILE = blur/Info.plist;
				INFOPLIST_KEY_UIApplicationSupportsIndirectInputEvents = YES;
				INFOPLIST_KEY_UILaunchStoryboardName = LaunchScreen;
				INFOPLIST_KEY_UIMainStoryboardFile = Main;
				INFOPLIST_KEY_UISupportedInterfaceOrientations_iPad = "UIInterfaceOrientationPortrait UIInterfaceOrientationPortraitUpsideDown UIInterfaceOrientationLandscapeLeft UIInterfaceOrientationLandscapeRight";
				INFOPLIST_KEY_UISupportedInterfaceOrientations_iPhone = "UIInterfaceOrientationPortrait UIInterfaceOrientationLandscapeLeft UIInterfaceOrientationLandscapeRight";
				LD_RUNPATH_SEARCH_PATHS = (
					"$(inherited)",
					"@executable_path/Frameworks",
				);
				MARKETING_VERSION = 1.0;
				PRODUCT_BUNDLE_IDENTIFIER = com.epiens.blur;
				PRODUCT_NAME = "$(TARGET_NAME)";
				SWIFT_EMIT_LOC_STRINGS = YES;
				SWIFT_VERSION = 5.0;
				TARGETED_DEVICE_FAMILY = "1,2";
			};
			name = Release;
		};
/* End XCBuildConfiguration section */

/* Begin XCConfigurationList section */
		2E498AAE270F3461006E2BDA /* Build configuration list for PBXProject "blur" */ = {
			isa = XCConfigurationList;
			buildConfigurations = (
				2E498AC5270F3464006E2BDA /* Debug */,
				2E498AC6270F3464006E2BDA /* Release */,
			);
			defaultConfigurationIsVisible = 0;
			defaultConfigurationName = Release;
		};
		2E498AC7270F3464006E2BDA /* Build configuration list for PBXNativeTarget "blur" */ = {
			isa = XCConfigurationList;
			buildConfigurations = (
				2E498AC8270F3464006E2BDA /* Debug */,
				2E498AC9270F3464006E2BDA /* Release */,
			);
			defaultConfigurationIsVisible = 0;
			defaultConfigurationName = Release;
		};
/* End XCConfigurationList section */
	};
	rootObject = 2E498AAB270F3461006E2BDA /* Project object */;
}
